{
  "requires": true,
  "lockfileVersion": 1,
  "dependencies": {
    "@types/geojson": {
      "version": "7946.0.7",
      "resolved": "https://registry.npmjs.org/@types/geojson/-/geojson-7946.0.7.tgz",
      "integrity": "sha512-wE2v81i4C4Ol09RtsWFAqg3BUitWbHSpSlIo+bNdsCJijO9sjme+zm+73ZMCa/qMC8UEERxzGbvmr1cffo2SiQ=="
    },
    "react-native-maps": {
      "version": "0.28.0",
      "resolved": "https://registry.npmjs.org/react-native-maps/-/react-native-maps-0.28.0.tgz",
      "integrity": "sha512-F+k5ZT9hhl+iXR1H+5ZcoHOEB5lPu9gCIwtA4lI/LoI9nfa9xFvr1vMiLIv44jzeGNzbE3+/R81IpcNDMJ5uDg==",
      "requires": {
        "@types/geojson": "^7946.0.7"
      }
    }
  }
}
